
Microsoft Visual Studio Solution File, Format Version 12.00
# Visual Studio Version 17
VisualStudioVersion = 17.0.31903.59
MinimumVisualStudioVersion = 10.0.40219.1
Project("{2150E333-8FDC-42A3-9474-1A3956D46DE8}") = "src", "src", "{827E0CD3-B72D-47B6-A68D-7590B98EB39B}"
EndProject
Project("{FAE04EC0-301F-11D3-BF4B-00C04F79EFBC}") = "RiskWall.Core", "src\RiskWall.Core\RiskWall.Core.csproj", "{8C6FECEE-DE7B-47B4-B609-47C72407564F}"
EndProject
Project("{FAE04EC0-301F-11D3-BF4B-00C04F79EFBC}") = "RiskWall.Infrastructure", "src\RiskWall.Infrastructure\RiskWall.Infrastructure.csproj", "{18386D0B-B387-4357-87F0-A4FB580C2877}"
EndProject
Project("{FAE04EC0-301F-11D3-BF4B-00C04F79EFBC}") = "RiskWall.API", "src\RiskWall.API\RiskWall.API.csproj", "{482C9D99-15ED-4461-A573-7FDAEA4B42A2}"
EndProject
Project("{FAE04EC0-301F-11D3-BF4B-00C04F79EFBC}") = "RiskWall.Worker", "src\RiskWall.Worker\RiskWall.Worker.csproj", "{55D06255-3FAE-49B1-93CA-36FD59253ABC}"
EndProject
Global
	GlobalSection(SolutionConfigurationPlatforms) = preSolution
		Debug|Any CPU = Debug|Any CPU
		Debug|x64 = Debug|x64
		Debug|x86 = Debug|x86
		Release|Any CPU = Release|Any CPU
		Release|x64 = Release|x64
		Release|x86 = Release|x86
	EndGlobalSection
	GlobalSection(ProjectConfigurationPlatforms) = postSolution
		{8C6FECEE-DE7B-47B4-B609-47C72407564F}.Debug|Any CPU.ActiveCfg = Debug|Any CPU
		{8C6FECEE-DE7B-47B4-B609-47C72407564F}.Debug|Any CPU.Build.0 = Debug|Any CPU
		{8C6FECEE-DE7B-47B4-B609-47C72407564F}.Debug|x64.ActiveCfg = Debug|Any CPU
		{8C6FECEE-DE7B-47B4-B609-47C72407564F}.Debug|x64.Build.0 = Debug|Any CPU
		{8C6FECEE-DE7B-47B4-B609-47C72407564F}.Debug|x86.ActiveCfg = Debug|Any CPU
		{8C6FECEE-DE7B-47B4-B609-47C72407564F}.Debug|x86.Build.0 = Debug|Any CPU
		{8C6FECEE-DE7B-47B4-B609-47C72407564F}.Release|Any CPU.ActiveCfg = Release|Any CPU
		{8C6FECEE-DE7B-47B4-B609-47C72407564F}.Release|Any CPU.Build.0 = Release|Any CPU
		{8C6FECEE-DE7B-47B4-B609-47C72407564F}.Release|x64.ActiveCfg = Release|Any CPU
		{8C6FECEE-DE7B-47B4-B609-47C72407564F}.Release|x64.Build.0 = Release|Any CPU
		{8C6FECEE-DE7B-47B4-B609-47C72407564F}.Release|x86.ActiveCfg = Release|Any CPU
		{8C6FECEE-DE7B-47B4-B609-47C72407564F}.Release|x86.Build.0 = Release|Any CPU
		{18386D0B-B387-4357-87F0-A4FB580C2877}.Debug|Any CPU.ActiveCfg = Debug|Any CPU
		{18386D0B-B387-4357-87F0-A4FB580C2877}.Debug|Any CPU.Build.0 = Debug|Any CPU
		{18386D0B-B387-4357-87F0-A4FB580C2877}.Debug|x64.ActiveCfg = Debug|Any CPU
		{18386D0B-B387-4357-87F0-A4FB580C2877}.Debug|x64.Build.0 = Debug|Any CPU
		{18386D0B-B387-4357-87F0-A4FB580C2877}.Debug|x86.ActiveCfg = Debug|Any CPU
		{18386D0B-B387-4357-87F0-A4FB580C2877}.Debug|x86.Build.0 = Debug|Any CPU
		{18386D0B-B387-4357-87F0-A4FB580C2877}.Release|Any CPU.ActiveCfg = Release|Any CPU
		{18386D0B-B387-4357-87F0-A4FB580C2877}.Release|Any CPU.Build.0 = Release|Any CPU
		{18386D0B-B387-4357-87F0-A4FB580C2877}.Release|x64.ActiveCfg = Release|Any CPU
		{18386D0B-B387-4357-87F0-A4FB580C2877}.Release|x64.Build.0 = Release|Any CPU
		{18386D0B-B387-4357-87F0-A4FB580C2877}.Release|x86.ActiveCfg = Release|Any CPU
		{18386D0B-B387-4357-87F0-A4FB580C2877}.Release|x86.Build.0 = Release|Any CPU
		{482C9D99-15ED-4461-A573-7FDAEA4B42A2}.Debug|Any CPU.ActiveCfg = Debug|Any CPU
		{482C9D99-15ED-4461-A573-7FDAEA4B42A2}.Debug|Any CPU.Build.0 = Debug|Any CPU
		{482C9D99-15ED-4461-A573-7FDAEA4B42A2}.Debug|x64.ActiveCfg = Debug|Any CPU
		{482C9D99-15ED-4461-A573-7FDAEA4B42A2}.Debug|x64.Build.0 = Debug|Any CPU
		{482C9D99-15ED-4461-A573-7FDAEA4B42A2}.Debug|x86.ActiveCfg = Debug|Any CPU
		{482C9D99-15ED-4461-A573-7FDAEA4B42A2}.Debug|x86.Build.0 = Debug|Any CPU
		{482C9D99-15ED-4461-A573-7FDAEA4B42A2}.Release|Any CPU.ActiveCfg = Release|Any CPU
		{482C9D99-15ED-4461-A573-7FDAEA4B42A2}.Release|Any CPU.Build.0 = Release|Any CPU
		{482C9D99-15ED-4461-A573-7FDAEA4B42A2}.Release|x64.ActiveCfg = Release|Any CPU
		{482C9D99-15ED-4461-A573-7FDAEA4B42A2}.Release|x64.Build.0 = Release|Any CPU
		{482C9D99-15ED-4461-A573-7FDAEA4B42A2}.Release|x86.ActiveCfg = Release|Any CPU
		{482C9D99-15ED-4461-A573-7FDAEA4B42A2}.Release|x86.Build.0 = Release|Any CPU
		{55D06255-3FAE-49B1-93CA-36FD59253ABC}.Debug|Any CPU.ActiveCfg = Debug|Any CPU
		{55D06255-3FAE-49B1-93CA-36FD59253ABC}.Debug|Any CPU.Build.0 = Debug|Any CPU
		{55D06255-3FAE-49B1-93CA-36FD59253ABC}.Debug|x64.ActiveCfg = Debug|Any CPU
		{55D06255-3FAE-49B1-93CA-36FD59253ABC}.Debug|x64.Build.0 = Debug|Any CPU
		{55D06255-3FAE-49B1-93CA-36FD59253ABC}.Debug|x86.ActiveCfg = Debug|Any CPU
		{55D06255-3FAE-49B1-93CA-36FD59253ABC}.Debug|x86.Build.0 = Debug|Any CPU
		{55D06255-3FAE-49B1-93CA-36FD59253ABC}.Release|Any CPU.ActiveCfg = Release|Any CPU
		{55D06255-3FAE-49B1-93CA-36FD59253ABC}.Release|Any CPU.Build.0 = Release|Any CPU
		{55D06255-3FAE-49B1-93CA-36FD59253ABC}.Release|x64.ActiveCfg = Release|Any CPU
		{55D06255-3FAE-49B1-93CA-36FD59253ABC}.Release|x64.Build.0 = Release|Any CPU
		{55D06255-3FAE-49B1-93CA-36FD59253ABC}.Release|x86.ActiveCfg = Release|Any CPU
		{55D06255-3FAE-49B1-93CA-36FD59253ABC}.Release|x86.Build.0 = Release|Any CPU
	EndGlobalSection
	GlobalSection(SolutionProperties) = preSolution
		HideSolutionNode = FALSE
	EndGlobalSection
	GlobalSection(NestedProjects) = preSolution
		{8C6FECEE-DE7B-47B4-B609-47C72407564F} = {827E0CD3-B72D-47B6-A68D-7590B98EB39B}
		{18386D0B-B387-4357-87F0-A4FB580C2877} = {827E0CD3-B72D-47B6-A68D-7590B98EB39B}
		{482C9D99-15ED-4461-A573-7FDAEA4B42A2} = {827E0CD3-B72D-47B6-A68D-7590B98EB39B}
		{55D06255-3FAE-49B1-93CA-36FD59253ABC} = {827E0CD3-B72D-47B6-A68D-7590B98EB39B}
	EndGlobalSection
EndGlobal
